
Microsoft Visual Studio Solution File, Format Version 12.00
# Visual Studio Version 17
VisualStudioVersion = 17.7.34221.43
MinimumVisualStudioVersion = 10.0.40219.1
Project("{FAE04EC0-301F-11D3-BF4B-00C04F79EFBC}") = "gama1342", "gama1342.csproj", "{66928889-5A00-473A-A117-845581221ABD}"
EndProject
Global
	GlobalSection(SolutionConfigurationPlatforms) = preSolution
		Debug|Any CPU = Debug|Any CPU
		Release|Any CPU = Release|Any CPU
	EndGlobalSection
	GlobalSection(ProjectConfigurationPlatforms) = postSolution
		{66928889-5A00-473A-A117-845581221ABD}.Debug|Any CPU.ActiveCfg = Debug|Any CPU
		{66928889-5A00-473A-A117-845581221ABD}.Debug|Any CPU.Build.0 = Debug|Any CPU
		{66928889-5A00-473A-A117-845581221ABD}.Release|Any CPU.ActiveCfg = Release|Any CPU
		{66928889-5A00-473A-A117-845581221ABD}.Release|Any CPU.Build.0 = Release|Any CPU
	EndGlobalSection
	GlobalSection(SolutionProperties) = preSolution
		HideSolutionNode = FALSE
	EndGlobalSection
	GlobalSection(ExtensibilityGlobals) = postSolution
		SolutionGuid = {5D3F827E-22E0-4792-BC45-7956A5588AFE}
	EndGlobalSection
EndGlobal
